
Microsoft Visual Studio Solution File, Format Version 12.00
# Visual Studio Version 17
VisualStudioVersion = 17.3.32901.215
MinimumVisualStudioVersion = 10.0.40219.1
Project("{9A19103F-16F7-4668-BE54-9A1E7A4F7556}") = "BookExercise", "BookExercise\BookExercise.csproj", "{7759A80F-D6FA-4024-B7CF-1D9B9BE4736B}"
EndProject
Project("{9A19103F-16F7-4668-BE54-9A1E7A4F7556}") = "CarExercise", "Car\CarExercise.csproj", "{51D7A2BB-1279-4A42-BA1A-9CD295B2591D}"
EndProject
Project("{9A19103F-16F7-4668-BE54-9A1E7A4F7556}") = "CompanyExercise", "CompanyExercise\CompanyExercise.csproj", "{A65BFBA8-7521-4FBD-9818-2D291333522B}"
EndProject
Project("{9A19103F-16F7-4668-BE54-9A1E7A4F7556}") = "EmployeeExercise", "Employee\EmployeeExercise.csproj", "{0F16B224-317E-4611-8970-685EF42081C5}"
EndProject
Project("{9A19103F-16F7-4668-BE54-9A1E7A4F7556}") = "BookExcercise2", "BookExcercise2\BookExcercise2.csproj", "{8E78326E-4F0C-4AE0-9871-ABAB540CD003}"
EndProject
Project("{9A19103F-16F7-4668-BE54-9A1E7A4F7556}") = "VehicleExercise", "VehicleExercise\VehicleExercise.csproj", "{EE093809-42DB-4D7C-8B65-025CC4347175}"
EndProject
Project("{9A19103F-16F7-4668-BE54-9A1E7A4F7556}") = "InterfaceExcercise", "InterfaceExcercise\InterfaceExcercise.csproj", "{163F3C13-6EB9-4A81-BEE8-5C85D4ADB0D6}"
EndProject
Project("{9A19103F-16F7-4668-BE54-9A1E7A4F7556}") = "SortExercise", "SortExercise\SortExercise.csproj", "{F4E0CF67-F03E-4BF6-AA2F-35484B7C1EC7}"
EndProject
Project("{9A19103F-16F7-4668-BE54-9A1E7A4F7556}") = "ShapeExercise", "ShapeExercise\ShapeExercise.csproj", "{9E2078EC-3733-487B-8456-9606F4206810}"
EndProject
Project("{9A19103F-16F7-4668-BE54-9A1E7A4F7556}") = "arviointioikea", "arviointioikea\arviointioikea.csproj", "{30D93FCE-948D-4036-8D20-2B5445ADC883}"
EndProject
Project("{9A19103F-16F7-4668-BE54-9A1E7A4F7556}") = "AnimalExercise", "AnimalExercise\AnimalExercise.csproj", "{AC330F89-5B38-499A-88A2-11BFAA954A15}"
EndProject
Project("{9A19103F-16F7-4668-BE54-9A1E7A4F7556}") = "FilesExercise", "FilesExercise\FilesExercise.csproj", "{8610D356-1E02-40CD-86D9-FDBA92291BF8}"
EndProject
Project("{9A19103F-16F7-4668-BE54-9A1E7A4F7556}") = "Insurancearviointi", "VehicleArviointi1\Insurancearviointi.csproj", "{38A5E5E1-712D-46AA-BD44-C56BB8D8D03D}"
EndProject
Project("{9A19103F-16F7-4668-BE54-9A1E7A4F7556}") = "InsuranceArviointi2", "InsuranceArviointi2\InsuranceArviointi2.csproj", "{AFEA734B-B2F6-4BB2-B848-C73EBCF1F6D2}"
EndProject
Project("{9A19103F-16F7-4668-BE54-9A1E7A4F7556}") = "Tentti", "Tentti\Tentti.csproj", "{D4240001-8BA2-45EA-9A25-A505D6A3DB08}"
EndProject
Project("{FAE04EC0-301F-11D3-BF4B-00C04F79EFBC}") = "TestProject1", "TestProject1\TestProject1.csproj", "{E2FBBFEC-78AD-4E4C-8092-13C00947636D}"
EndProject
Project("{2150E333-8FDC-42A3-9474-1A3956D46DE8}") = "Solution Items", "Solution Items", "{BEC9F71E-2E7B-4310-AC0F-E02696010D5A}"
EndProject
Global
	GlobalSection(SolutionConfigurationPlatforms) = preSolution
		Debug|Any CPU = Debug|Any CPU
		Release|Any CPU = Release|Any CPU
	EndGlobalSection
	GlobalSection(ProjectConfigurationPlatforms) = postSolution
		{7759A80F-D6FA-4024-B7CF-1D9B9BE4736B}.Debug|Any CPU.ActiveCfg = Debug|Any CPU
		{7759A80F-D6FA-4024-B7CF-1D9B9BE4736B}.Debug|Any CPU.Build.0 = Debug|Any CPU
		{7759A80F-D6FA-4024-B7CF-1D9B9BE4736B}.Release|Any CPU.ActiveCfg = Release|Any CPU
		{7759A80F-D6FA-4024-B7CF-1D9B9BE4736B}.Release|Any CPU.Build.0 = Release|Any CPU
		{51D7A2BB-1279-4A42-BA1A-9CD295B2591D}.Debug|Any CPU.ActiveCfg = Debug|Any CPU
		{51D7A2BB-1279-4A42-BA1A-9CD295B2591D}.Debug|Any CPU.Build.0 = Debug|Any CPU
		{51D7A2BB-1279-4A42-BA1A-9CD295B2591D}.Release|Any CPU.ActiveCfg = Release|Any CPU
		{51D7A2BB-1279-4A42-BA1A-9CD295B2591D}.Release|Any CPU.Build.0 = Release|Any CPU
		{A65BFBA8-7521-4FBD-9818-2D291333522B}.Debug|Any CPU.ActiveCfg = Debug|Any CPU
		{A65BFBA8-7521-4FBD-9818-2D291333522B}.Debug|Any CPU.Build.0 = Debug|Any CPU
		{A65BFBA8-7521-4FBD-9818-2D291333522B}.Release|Any CPU.ActiveCfg = Release|Any CPU
		{A65BFBA8-7521-4FBD-9818-2D291333522B}.Release|Any CPU.Build.0 = Release|Any CPU
		{0F16B224-317E-4611-8970-685EF42081C5}.Debug|Any CPU.ActiveCfg = Debug|Any CPU
		{0F16B224-317E-4611-8970-685EF42081C5}.Debug|Any CPU.Build.0 = Debug|Any CPU
		{0F16B224-317E-4611-8970-685EF42081C5}.Release|Any CPU.ActiveCfg = Release|Any CPU
		{0F16B224-317E-4611-8970-685EF42081C5}.Release|Any CPU.Build.0 = Release|Any CPU
		{8E78326E-4F0C-4AE0-9871-ABAB540CD003}.Debug|Any CPU.ActiveCfg = Debug|Any CPU
		{8E78326E-4F0C-4AE0-9871-ABAB540CD003}.Debug|Any CPU.Build.0 = Debug|Any CPU
		{8E78326E-4F0C-4AE0-9871-ABAB540CD003}.Release|Any CPU.ActiveCfg = Release|Any CPU
		{8E78326E-4F0C-4AE0-9871-ABAB540CD003}.Release|Any CPU.Build.0 = Release|Any CPU
		{EE093809-42DB-4D7C-8B65-025CC4347175}.Debug|Any CPU.ActiveCfg = Debug|Any CPU
		{EE093809-42DB-4D7C-8B65-025CC4347175}.Debug|Any CPU.Build.0 = Debug|Any CPU
		{EE093809-42DB-4D7C-8B65-025CC4347175}.Release|Any CPU.ActiveCfg = Release|Any CPU
		{EE093809-42DB-4D7C-8B65-025CC4347175}.Release|Any CPU.Build.0 = Release|Any CPU
		{163F3C13-6EB9-4A81-BEE8-5C85D4ADB0D6}.Debug|Any CPU.ActiveCfg = Debug|Any CPU
		{163F3C13-6EB9-4A81-BEE8-5C85D4ADB0D6}.Debug|Any CPU.Build.0 = Debug|Any CPU
		{163F3C13-6EB9-4A81-BEE8-5C85D4ADB0D6}.Release|Any CPU.ActiveCfg = Release|Any CPU
		{163F3C13-6EB9-4A81-BEE8-5C85D4ADB0D6}.Release|Any CPU.Build.0 = Release|Any CPU
		{F4E0CF67-F03E-4BF6-AA2F-35484B7C1EC7}.Debug|Any CPU.ActiveCfg = Debug|Any CPU
		{F4E0CF67-F03E-4BF6-AA2F-35484B7C1EC7}.Debug|Any CPU.Build.0 = Debug|Any CPU
		{F4E0CF67-F03E-4BF6-AA2F-35484B7C1EC7}.Release|Any CPU.ActiveCfg = Release|Any CPU
		{F4E0CF67-F03E-4BF6-AA2F-35484B7C1EC7}.Release|Any CPU.Build.0 = Release|Any CPU
		{9E2078EC-3733-487B-8456-9606F4206810}.Debug|Any CPU.ActiveCfg = Debug|Any CPU
		{9E2078EC-3733-487B-8456-9606F4206810}.Debug|Any CPU.Build.0 = Debug|Any CPU
		{9E2078EC-3733-487B-8456-9606F4206810}.Release|Any CPU.ActiveCfg = Release|Any CPU
		{9E2078EC-3733-487B-8456-9606F4206810}.Release|Any CPU.Build.0 = Release|Any CPU
		{30D93FCE-948D-4036-8D20-2B5445ADC883}.Debug|Any CPU.ActiveCfg = Debug|Any CPU
		{30D93FCE-948D-4036-8D20-2B5445ADC883}.Debug|Any CPU.Build.0 = Debug|Any CPU
		{30D93FCE-948D-4036-8D20-2B5445ADC883}.Release|Any CPU.ActiveCfg = Release|Any CPU
		{30D93FCE-948D-4036-8D20-2B5445ADC883}.Release|Any CPU.Build.0 = Release|Any CPU
		{AC330F89-5B38-499A-88A2-11BFAA954A15}.Debug|Any CPU.ActiveCfg = Debug|Any CPU
		{AC330F89-5B38-499A-88A2-11BFAA954A15}.Debug|Any CPU.Build.0 = Debug|Any CPU
		{AC330F89-5B38-499A-88A2-11BFAA954A15}.Release|Any CPU.ActiveCfg = Release|Any CPU
		{AC330F89-5B38-499A-88A2-11BFAA954A15}.Release|Any CPU.Build.0 = Release|Any CPU
		{8610D356-1E02-40CD-86D9-FDBA92291BF8}.Debug|Any CPU.ActiveCfg = Debug|Any CPU
		{8610D356-1E02-40CD-86D9-FDBA92291BF8}.Debug|Any CPU.Build.0 = Debug|Any CPU
		{8610D356-1E02-40CD-86D9-FDBA92291BF8}.Release|Any CPU.ActiveCfg = Release|Any CPU
		{8610D356-1E02-40CD-86D9-FDBA92291BF8}.Release|Any CPU.Build.0 = Release|Any CPU
		{38A5E5E1-712D-46AA-BD44-C56BB8D8D03D}.Debug|Any CPU.ActiveCfg = Debug|Any CPU
		{38A5E5E1-712D-46AA-BD44-C56BB8D8D03D}.Debug|Any CPU.Build.0 = Debug|Any CPU
		{38A5E5E1-712D-46AA-BD44-C56BB8D8D03D}.Release|Any CPU.ActiveCfg = Release|Any CPU
		{38A5E5E1-712D-46AA-BD44-C56BB8D8D03D}.Release|Any CPU.Build.0 = Release|Any CPU
		{AFEA734B-B2F6-4BB2-B848-C73EBCF1F6D2}.Debug|Any CPU.ActiveCfg = Debug|Any CPU
		{AFEA734B-B2F6-4BB2-B848-C73EBCF1F6D2}.Debug|Any CPU.Build.0 = Debug|Any CPU
		{AFEA734B-B2F6-4BB2-B848-C73EBCF1F6D2}.Release|Any CPU.ActiveCfg = Release|Any CPU
		{AFEA734B-B2F6-4BB2-B848-C73EBCF1F6D2}.Release|Any CPU.Build.0 = Release|Any CPU
		{D4240001-8BA2-45EA-9A25-A505D6A3DB08}.Debug|Any CPU.ActiveCfg = Debug|Any CPU
		{D4240001-8BA2-45EA-9A25-A505D6A3DB08}.Debug|Any CPU.Build.0 = Debug|Any CPU
		{D4240001-8BA2-45EA-9A25-A505D6A3DB08}.Release|Any CPU.ActiveCfg = Release|Any CPU
		{D4240001-8BA2-45EA-9A25-A505D6A3DB08}.Release|Any CPU.Build.0 = Release|Any CPU
		{E2FBBFEC-78AD-4E4C-8092-13C00947636D}.Debug|Any CPU.ActiveCfg = Debug|Any CPU
		{E2FBBFEC-78AD-4E4C-8092-13C00947636D}.Debug|Any CPU.Build.0 = Debug|Any CPU
		{E2FBBFEC-78AD-4E4C-8092-13C00947636D}.Release|Any CPU.ActiveCfg = Release|Any CPU
		{E2FBBFEC-78AD-4E4C-8092-13C00947636D}.Release|Any CPU.Build.0 = Release|Any CPU
	EndGlobalSection
	GlobalSection(SolutionProperties) = preSolution
		HideSolutionNode = FALSE
	EndGlobalSection
	GlobalSection(ExtensibilityGlobals) = postSolution
		SolutionGuid = {038A6EFD-D99A-49F1-A6F3-B9D125CD69E0}
	EndGlobalSection
EndGlobal
